
Microsoft Visual Studio Solution File, Format Version 12.00
# Visual Studio Version 17
VisualStudioVersion = 17.4.33213.308
MinimumVisualStudioVersion = 10.0.40219.1
Project("{FAE04EC0-301F-11D3-BF4B-00C04F79EFBC}") = "WPF_3_elements_", "WPF_3_elements_\WPF_3_elements_.csproj", "{8C3BED60-8375-424E-89A8-8669FAF068E6}"
EndProject
Project("{FAE04EC0-301F-11D3-BF4B-00C04F79EFBC}") = "TextBlock", "TextBlock\TextBlock.csproj", "{4D9B6ACD-A9AE-464E-AFB4-365B5706FBB7}"
EndProject
Project("{FAE04EC0-301F-11D3-BF4B-00C04F79EFBC}") = "TextBox", "TextBox\TextBox.csproj", "{BC588465-CACE-4779-A672-949428351D33}"
EndProject
Project("{FAE04EC0-301F-11D3-BF4B-00C04F79EFBC}") = "CheckBox", "CheckBox\CheckBox.csproj", "{FF9E5A3A-0E4A-4BA0-A9C8-7938A09CCBB1}"
EndProject
Project("{FAE04EC0-301F-11D3-BF4B-00C04F79EFBC}") = "Task 1_Text", "Task 1_Text\Task 1_Text.csproj", "{5F4F4C1F-78EB-4CC2-A7AF-F50FEA019A05}"
EndProject
Global
	GlobalSection(SolutionConfigurationPlatforms) = preSolution
		Debug|Any CPU = Debug|Any CPU
		Release|Any CPU = Release|Any CPU
	EndGlobalSection
	GlobalSection(ProjectConfigurationPlatforms) = postSolution
		{8C3BED60-8375-424E-89A8-8669FAF068E6}.Debug|Any CPU.ActiveCfg = Debug|Any CPU
		{8C3BED60-8375-424E-89A8-8669FAF068E6}.Debug|Any CPU.Build.0 = Debug|Any CPU
		{8C3BED60-8375-424E-89A8-8669FAF068E6}.Release|Any CPU.ActiveCfg = Release|Any CPU
		{8C3BED60-8375-424E-89A8-8669FAF068E6}.Release|Any CPU.Build.0 = Release|Any CPU
		{4D9B6ACD-A9AE-464E-AFB4-365B5706FBB7}.Debug|Any CPU.ActiveCfg = Debug|Any CPU
		{4D9B6ACD-A9AE-464E-AFB4-365B5706FBB7}.Debug|Any CPU.Build.0 = Debug|Any CPU
		{4D9B6ACD-A9AE-464E-AFB4-365B5706FBB7}.Release|Any CPU.ActiveCfg = Release|Any CPU
		{4D9B6ACD-A9AE-464E-AFB4-365B5706FBB7}.Release|Any CPU.Build.0 = Release|Any CPU
		{BC588465-CACE-4779-A672-949428351D33}.Debug|Any CPU.ActiveCfg = Debug|Any CPU
		{BC588465-CACE-4779-A672-949428351D33}.Debug|Any CPU.Build.0 = Debug|Any CPU
		{BC588465-CACE-4779-A672-949428351D33}.Release|Any CPU.ActiveCfg = Release|Any CPU
		{BC588465-CACE-4779-A672-949428351D33}.Release|Any CPU.Build.0 = Release|Any CPU
		{FF9E5A3A-0E4A-4BA0-A9C8-7938A09CCBB1}.Debug|Any CPU.ActiveCfg = Debug|Any CPU
		{FF9E5A3A-0E4A-4BA0-A9C8-7938A09CCBB1}.Debug|Any CPU.Build.0 = Debug|Any CPU
		{FF9E5A3A-0E4A-4BA0-A9C8-7938A09CCBB1}.Release|Any CPU.ActiveCfg = Release|Any CPU
		{FF9E5A3A-0E4A-4BA0-A9C8-7938A09CCBB1}.Release|Any CPU.Build.0 = Release|Any CPU
		{5F4F4C1F-78EB-4CC2-A7AF-F50FEA019A05}.Debug|Any CPU.ActiveCfg = Debug|Any CPU
		{5F4F4C1F-78EB-4CC2-A7AF-F50FEA019A05}.Debug|Any CPU.Build.0 = Debug|Any CPU
		{5F4F4C1F-78EB-4CC2-A7AF-F50FEA019A05}.Release|Any CPU.ActiveCfg = Release|Any CPU
		{5F4F4C1F-78EB-4CC2-A7AF-F50FEA019A05}.Release|Any CPU.Build.0 = Release|Any CPU
	EndGlobalSection
	GlobalSection(SolutionProperties) = preSolution
		HideSolutionNode = FALSE
	EndGlobalSection
	GlobalSection(ExtensibilityGlobals) = postSolution
		SolutionGuid = {01EE9236-0D38-4555-8EDA-BB83D826C0F0}
	EndGlobalSection
EndGlobal
